
Microsoft Visual Studio Solution File, Format Version 12.00
# Visual Studio Version 16
VisualStudioVersion = 16.0.31424.327
MinimumVisualStudioVersion = 10.0.40219.1
Project("{FAE04EC0-301F-11D3-BF4B-00C04F79EFBC}") = "exam.webapi", "exam.webapi\exam.webapi.csproj", "{F1B799B7-97FF-42C4-8F92-C2682BF11D44}"
EndProject
Global
	GlobalSection(SolutionConfigurationPlatforms) = preSolution
		Debug|Any CPU = Debug|Any CPU
		Release|Any CPU = Release|Any CPU
	EndGlobalSection
	GlobalSection(ProjectConfigurationPlatforms) = postSolution
		{F1B799B7-97FF-42C4-8F92-C2682BF11D44}.Debug|Any CPU.ActiveCfg = Debug|Any CPU
		{F1B799B7-97FF-42C4-8F92-C2682BF11D44}.Debug|Any CPU.Build.0 = Debug|Any CPU
		{F1B799B7-97FF-42C4-8F92-C2682BF11D44}.Release|Any CPU.ActiveCfg = Release|Any CPU
		{F1B799B7-97FF-42C4-8F92-C2682BF11D44}.Release|Any CPU.Build.0 = Release|Any CPU
	EndGlobalSection
	GlobalSection(SolutionProperties) = preSolution
		HideSolutionNode = FALSE
	EndGlobalSection
	GlobalSection(ExtensibilityGlobals) = postSolution
		SolutionGuid = {5E475040-5229-459B-BF78-9FB634C23400}
	EndGlobalSection
EndGlobal
